
Microsoft Visual Studio Solution File, Format Version 12.00
# Visual Studio Version 17
VisualStudioVersion = 17.14.36202.13 d17.14
MinimumVisualStudioVersion = 10.0.40219.1
Project("{FAE04EC0-301F-11D3-BF4B-00C04F79EFBC}") = "BloodDonorXamarin", "BloodDonorXamarin.csproj", "{5F0A650D-9260-4DAF-B657-50633B7819F5}"
EndProject
Global
	GlobalSection(SolutionConfigurationPlatforms) = preSolution
		Debug|Any CPU = Debug|Any CPU
		Release|Any CPU = Release|Any CPU
	EndGlobalSection
	GlobalSection(ProjectConfigurationPlatforms) = postSolution
		{5F0A650D-9260-4DAF-B657-50633B7819F5}.Debug|Any CPU.ActiveCfg = Debug|Any CPU
		{5F0A650D-9260-4DAF-B657-50633B7819F5}.Debug|Any CPU.Build.0 = Debug|Any CPU
		{5F0A650D-9260-4DAF-B657-50633B7819F5}.Debug|Any CPU.Deploy.0 = Debug|Any CPU
		{5F0A650D-9260-4DAF-B657-50633B7819F5}.Release|Any CPU.ActiveCfg = Release|Any CPU
		{5F0A650D-9260-4DAF-B657-50633B7819F5}.Release|Any CPU.Build.0 = Release|Any CPU
		{5F0A650D-9260-4DAF-B657-50633B7819F5}.Release|Any CPU.Deploy.0 = Release|Any CPU
	EndGlobalSection
	GlobalSection(SolutionProperties) = preSolution
		HideSolutionNode = FALSE
	EndGlobalSection
	GlobalSection(ExtensibilityGlobals) = postSolution
		SolutionGuid = {4A8C0C6A-6FBB-4104-930C-305F7FF5CFC4}
	EndGlobalSection
EndGlobal
